
Microsoft Visual Studio Solution File, Format Version 12.00
# Visual Studio Version 17
VisualStudioVersion = 17.0.32014.148
MinimumVisualStudioVersion = 10.0.40219.1
Project("{FAE04EC0-301F-11D3-BF4B-00C04F79EFBC}") = "Assesment 1", "Assesment 1.csproj", "{D8B34EE3-ECB2-4AD4-B705-2CB06C50508E}"
EndProject
Global
	GlobalSection(SolutionConfigurationPlatforms) = preSolution
		Debug|Any CPU = Debug|Any CPU
		Release|Any CPU = Release|Any CPU
	EndGlobalSection
	GlobalSection(ProjectConfigurationPlatforms) = postSolution
		{D8B34EE3-ECB2-4AD4-B705-2CB06C50508E}.Debug|Any CPU.ActiveCfg = Debug|Any CPU
		{D8B34EE3-ECB2-4AD4-B705-2CB06C50508E}.Debug|Any CPU.Build.0 = Debug|Any CPU
		{D8B34EE3-ECB2-4AD4-B705-2CB06C50508E}.Release|Any CPU.ActiveCfg = Release|Any CPU
		{D8B34EE3-ECB2-4AD4-B705-2CB06C50508E}.Release|Any CPU.Build.0 = Release|Any CPU
	EndGlobalSection
	GlobalSection(SolutionProperties) = preSolution
		HideSolutionNode = FALSE
	EndGlobalSection
	GlobalSection(ExtensibilityGlobals) = postSolution
		SolutionGuid = {8FFCD11D-CD40-43E8-BE2A-189D870562A6}
	EndGlobalSection
EndGlobal
